<?xml version="1.0" encoding="UTF-8"?>
<Project ToolsVersion="4.0" xmlns="http://schemas.microsoft.com/developer/msbuild/2003">
  <ItemGroup>
    <ClCompile Include="H:\Work2\dlib-19.1\tools\imglab\src\main.cpp">
      <Filter>Source Files</Filter>
    </ClCompile>
    <ClCompile Include="H:\Work2\dlib-19.1\tools\imglab\src\metadata_editor.cpp">
      <Filter>Source Files</Filter>
    </ClCompile>
    <ClCompile Include="H:\Work2\dlib-19.1\tools\imglab\src\convert_pascal_xml.cpp">
      <Filter>Source Files</Filter>
    </ClCompile>
    <ClCompile Include="H:\Work2\dlib-19.1\tools\imglab\src\convert_pascal_v1.cpp">
      <Filter>Source Files</Filter>
    </ClCompile>
    <ClCompile Include="H:\Work2\dlib-19.1\tools\imglab\src\convert_idl.cpp">
      <Filter>Source Files</Filter>
    </ClCompile>
    <ClCompile Include="H:\Work2\dlib-19.1\tools\imglab\src\common.cpp">
      <Filter>Source Files</Filter>
    </ClCompile>
    <ClCompile Include="H:\Work2\dlib-19.1\tools\imglab\src\cluster.cpp">
      <Filter>Source Files</Filter>
    </ClCompile>
  </ItemGroup>
  <ItemGroup>
    <ClInclude Include="H:\Work2\dlib-19.1\tools\imglab\src\metadata_editor.h">
      <Filter>Header Files</Filter>
    </ClInclude>
    <ClInclude Include="H:\Work2\dlib-19.1\tools\imglab\src\convert_pascal_xml.h">
      <Filter>Header Files</Filter>
    </ClInclude>
    <ClInclude Include="H:\Work2\dlib-19.1\tools\imglab\src\convert_pascal_v1.h">
      <Filter>Header Files</Filter>
    </ClInclude>
    <ClInclude Include="H:\Work2\dlib-19.1\tools\imglab\src\convert_idl.h">
      <Filter>Header Files</Filter>
    </ClInclude>
    <ClInclude Include="H:\Work2\dlib-19.1\tools\imglab\src\common.h">
      <Filter>Header Files</Filter>
    </ClInclude>
  </ItemGroup>
  <ItemGroup>
    <CustomBuild Include="H:\Work2\dlib-19.1\tools\imglab\CMakeLists.txt" />
  </ItemGroup>
  <ItemGroup>
    <Filter Include="Source Files">
      <UniqueIdentifier>{7BA32B29-6E32-3484-BD8D-9D6BE749B6E3}</UniqueIdentifier>
    </Filter>
    <Filter Include="Header Files">
      <UniqueIdentifier>{01F30EBE-AC2C-3138-A9CC-6E36D03C1091}</UniqueIdentifier>
    </Filter>
  </ItemGroup>
</Project>
